
Microsoft Visual Studio Solution File, Format Version 12.00
# Visual Studio Version 17
VisualStudioVersion = 17.8.34330.188
MinimumVisualStudioVersion = 10.0.40219.1
Project("{F184B08F-C81C-45F6-A57F-5ABD9991F28F}") = "pharmacy_DBMS", "pharmacy_DBMS\pharmacy_DBMS.vbproj", "{AB7FEBEC-C6A6-4667-B69C-BE88B4A87197}"
EndProject
Global
	GlobalSection(SolutionConfigurationPlatforms) = preSolution
		Debug|Any CPU = Debug|Any CPU
		Release|Any CPU = Release|Any CPU
	EndGlobalSection
	GlobalSection(ProjectConfigurationPlatforms) = postSolution
		{AB7FEBEC-C6A6-4667-B69C-BE88B4A87197}.Debug|Any CPU.ActiveCfg = Debug|Any CPU
		{AB7FEBEC-C6A6-4667-B69C-BE88B4A87197}.Debug|Any CPU.Build.0 = Debug|Any CPU
		{AB7FEBEC-C6A6-4667-B69C-BE88B4A87197}.Release|Any CPU.ActiveCfg = Release|Any CPU
		{AB7FEBEC-C6A6-4667-B69C-BE88B4A87197}.Release|Any CPU.Build.0 = Release|Any CPU
	EndGlobalSection
	GlobalSection(SolutionProperties) = preSolution
		HideSolutionNode = FALSE
	EndGlobalSection
	GlobalSection(ExtensibilityGlobals) = postSolution
		SolutionGuid = {8A7D181D-872C-4221-B290-4BF58255B225}
	EndGlobalSection
EndGlobal
